
Microsoft Visual Studio Solution File, Format Version 12.00
# Visual Studio 15
VisualStudioVersion = 15.0.26228.92
MinimumVisualStudioVersion = 10.0.40219.1
Project("{FAE04EC0-301F-11D3-BF4B-00C04F79EFBC}") = "dhcpfilter", "dhcpfilter\dhcpfilter.csproj", "{B6B84A71-E67E-4BCB-899F-DF85DA932E4D}"
EndProject
Project("{FAE04EC0-301F-11D3-BF4B-00C04F79EFBC}") = "Common", "Common\Common.csproj", "{11B116B7-F08F-4A4B-9DCD-033615AF1FAF}"
EndProject
Global
	GlobalSection(SolutionConfigurationPlatforms) = preSolution
		Debug|Any CPU = Debug|Any CPU
		Release|Any CPU = Release|Any CPU
	EndGlobalSection
	GlobalSection(ProjectConfigurationPlatforms) = postSolution
		{B6B84A71-E67E-4BCB-899F-DF85DA932E4D}.Debug|Any CPU.ActiveCfg = Debug|Any CPU
		{B6B84A71-E67E-4BCB-899F-DF85DA932E4D}.Debug|Any CPU.Build.0 = Debug|Any CPU
		{B6B84A71-E67E-4BCB-899F-DF85DA932E4D}.Release|Any CPU.ActiveCfg = Release|Any CPU
		{B6B84A71-E67E-4BCB-899F-DF85DA932E4D}.Release|Any CPU.Build.0 = Release|Any CPU
		{11B116B7-F08F-4A4B-9DCD-033615AF1FAF}.Debug|Any CPU.ActiveCfg = Debug|Any CPU
		{11B116B7-F08F-4A4B-9DCD-033615AF1FAF}.Debug|Any CPU.Build.0 = Debug|Any CPU
		{11B116B7-F08F-4A4B-9DCD-033615AF1FAF}.Release|Any CPU.ActiveCfg = Release|Any CPU
		{11B116B7-F08F-4A4B-9DCD-033615AF1FAF}.Release|Any CPU.Build.0 = Release|Any CPU
	EndGlobalSection
	GlobalSection(SolutionProperties) = preSolution
		HideSolutionNode = FALSE
	EndGlobalSection
EndGlobal
